
Microsoft Visual Studio Solution File, Format Version 12.00
# Visual Studio 15
VisualStudioVersion = 15.0.26124.0
MinimumVisualStudioVersion = 15.0.26124.0
Project("{FAE04EC0-301F-11D3-BF4B-00C04F79EFBC}") = "Interpreter", "Interpreter\Interpreter.csproj", "{F2783177-9484-47F2-AAD7-4FEA98DB5534}"
EndProject
Project("{FAE04EC0-301F-11D3-BF4B-00C04F79EFBC}") = "Interpreter.Tests", "Interpreter.Tests\Interpreter.Tests.csproj", "{9B127EE4-2867-4422-87AB-73DCD3D10D1E}"
EndProject
Project("{FAE04EC0-301F-11D3-BF4B-00C04F79EFBC}") = "MakerICal", "MakerICal\MakerICal.csproj", "{E4D024F7-EA6D-4A76-8E6A-2D47867AE72C}"
EndProject
Project("{FAE04EC0-301F-11D3-BF4B-00C04F79EFBC}") = "MakerICal.Tests", "MakerICal.Tests\MakerICal.Tests.csproj", "{EB758F40-B04C-4727-A1D0-B23223DAA313}"
EndProject
Global
	GlobalSection(SolutionConfigurationPlatforms) = preSolution
		Debug|Any CPU = Debug|Any CPU
		Debug|x64 = Debug|x64
		Debug|x86 = Debug|x86
		Release|Any CPU = Release|Any CPU
		Release|x64 = Release|x64
		Release|x86 = Release|x86
	EndGlobalSection
	GlobalSection(SolutionProperties) = preSolution
		HideSolutionNode = FALSE
	EndGlobalSection
	GlobalSection(ProjectConfigurationPlatforms) = postSolution
		{F2783177-9484-47F2-AAD7-4FEA98DB5534}.Debug|Any CPU.ActiveCfg = Debug|Any CPU
		{F2783177-9484-47F2-AAD7-4FEA98DB5534}.Debug|Any CPU.Build.0 = Debug|Any CPU
		{F2783177-9484-47F2-AAD7-4FEA98DB5534}.Debug|x64.ActiveCfg = Debug|Any CPU
		{F2783177-9484-47F2-AAD7-4FEA98DB5534}.Debug|x64.Build.0 = Debug|Any CPU
		{F2783177-9484-47F2-AAD7-4FEA98DB5534}.Debug|x86.ActiveCfg = Debug|Any CPU
		{F2783177-9484-47F2-AAD7-4FEA98DB5534}.Debug|x86.Build.0 = Debug|Any CPU
		{F2783177-9484-47F2-AAD7-4FEA98DB5534}.Release|Any CPU.ActiveCfg = Release|Any CPU
		{F2783177-9484-47F2-AAD7-4FEA98DB5534}.Release|Any CPU.Build.0 = Release|Any CPU
		{F2783177-9484-47F2-AAD7-4FEA98DB5534}.Release|x64.ActiveCfg = Release|Any CPU
		{F2783177-9484-47F2-AAD7-4FEA98DB5534}.Release|x64.Build.0 = Release|Any CPU
		{F2783177-9484-47F2-AAD7-4FEA98DB5534}.Release|x86.ActiveCfg = Release|Any CPU
		{F2783177-9484-47F2-AAD7-4FEA98DB5534}.Release|x86.Build.0 = Release|Any CPU
		{9B127EE4-2867-4422-87AB-73DCD3D10D1E}.Debug|Any CPU.ActiveCfg = Debug|Any CPU
		{9B127EE4-2867-4422-87AB-73DCD3D10D1E}.Debug|Any CPU.Build.0 = Debug|Any CPU
		{9B127EE4-2867-4422-87AB-73DCD3D10D1E}.Debug|x64.ActiveCfg = Debug|Any CPU
		{9B127EE4-2867-4422-87AB-73DCD3D10D1E}.Debug|x64.Build.0 = Debug|Any CPU
		{9B127EE4-2867-4422-87AB-73DCD3D10D1E}.Debug|x86.ActiveCfg = Debug|Any CPU
		{9B127EE4-2867-4422-87AB-73DCD3D10D1E}.Debug|x86.Build.0 = Debug|Any CPU
		{9B127EE4-2867-4422-87AB-73DCD3D10D1E}.Release|Any CPU.ActiveCfg = Release|Any CPU
		{9B127EE4-2867-4422-87AB-73DCD3D10D1E}.Release|Any CPU.Build.0 = Release|Any CPU
		{9B127EE4-2867-4422-87AB-73DCD3D10D1E}.Release|x64.ActiveCfg = Release|Any CPU
		{9B127EE4-2867-4422-87AB-73DCD3D10D1E}.Release|x64.Build.0 = Release|Any CPU
		{9B127EE4-2867-4422-87AB-73DCD3D10D1E}.Release|x86.ActiveCfg = Release|Any CPU
		{9B127EE4-2867-4422-87AB-73DCD3D10D1E}.Release|x86.Build.0 = Release|Any CPU
		{E4D024F7-EA6D-4A76-8E6A-2D47867AE72C}.Debug|Any CPU.ActiveCfg = Debug|Any CPU
		{E4D024F7-EA6D-4A76-8E6A-2D47867AE72C}.Debug|Any CPU.Build.0 = Debug|Any CPU
		{E4D024F7-EA6D-4A76-8E6A-2D47867AE72C}.Debug|x64.ActiveCfg = Debug|Any CPU
		{E4D024F7-EA6D-4A76-8E6A-2D47867AE72C}.Debug|x64.Build.0 = Debug|Any CPU
		{E4D024F7-EA6D-4A76-8E6A-2D47867AE72C}.Debug|x86.ActiveCfg = Debug|Any CPU
		{E4D024F7-EA6D-4A76-8E6A-2D47867AE72C}.Debug|x86.Build.0 = Debug|Any CPU
		{E4D024F7-EA6D-4A76-8E6A-2D47867AE72C}.Release|Any CPU.ActiveCfg = Release|Any CPU
		{E4D024F7-EA6D-4A76-8E6A-2D47867AE72C}.Release|Any CPU.Build.0 = Release|Any CPU
		{E4D024F7-EA6D-4A76-8E6A-2D47867AE72C}.Release|x64.ActiveCfg = Release|Any CPU
		{E4D024F7-EA6D-4A76-8E6A-2D47867AE72C}.Release|x64.Build.0 = Release|Any CPU
		{E4D024F7-EA6D-4A76-8E6A-2D47867AE72C}.Release|x86.ActiveCfg = Release|Any CPU
		{E4D024F7-EA6D-4A76-8E6A-2D47867AE72C}.Release|x86.Build.0 = Release|Any CPU
		{EB758F40-B04C-4727-A1D0-B23223DAA313}.Debug|Any CPU.ActiveCfg = Debug|Any CPU
		{EB758F40-B04C-4727-A1D0-B23223DAA313}.Debug|Any CPU.Build.0 = Debug|Any CPU
		{EB758F40-B04C-4727-A1D0-B23223DAA313}.Debug|x64.ActiveCfg = Debug|Any CPU
		{EB758F40-B04C-4727-A1D0-B23223DAA313}.Debug|x64.Build.0 = Debug|Any CPU
		{EB758F40-B04C-4727-A1D0-B23223DAA313}.Debug|x86.ActiveCfg = Debug|Any CPU
		{EB758F40-B04C-4727-A1D0-B23223DAA313}.Debug|x86.Build.0 = Debug|Any CPU
		{EB758F40-B04C-4727-A1D0-B23223DAA313}.Release|Any CPU.ActiveCfg = Release|Any CPU
		{EB758F40-B04C-4727-A1D0-B23223DAA313}.Release|Any CPU.Build.0 = Release|Any CPU
		{EB758F40-B04C-4727-A1D0-B23223DAA313}.Release|x64.ActiveCfg = Release|Any CPU
		{EB758F40-B04C-4727-A1D0-B23223DAA313}.Release|x64.Build.0 = Release|Any CPU
		{EB758F40-B04C-4727-A1D0-B23223DAA313}.Release|x86.ActiveCfg = Release|Any CPU
		{EB758F40-B04C-4727-A1D0-B23223DAA313}.Release|x86.Build.0 = Release|Any CPU
	EndGlobalSection
EndGlobal
